<?xml version="1.0" encoding="utf-8"?>
<Project ToolsVersion="4.0" xmlns="http://schemas.microsoft.com/developer/msbuild/2003">
  <ItemGroup>
    <Filter Include="Source Files">
      <UniqueIdentifier>{4FC737F1-C7A5-4376-A066-2A32D752A2FF}</UniqueIdentifier>
      <Extensions>cpp;c;cc;cxx;def;odl;idl;hpj;bat;asm;asmx</Extensions>
    </Filter>
    <Filter Include="VST">
      <UniqueIdentifier>{64408cc8-8b68-43e8-bd7a-174e4059d386}</UniqueIdentifier>
    </Filter>
  </ItemGroup>
  <ItemGroup>
    <ClInclude Include="AudioDevice.h">
      <Filter>Source Files</Filter>
    </ClInclude>
    <ClInclude Include="..\vstsdk\vstsdk2.4\pluginterfaces\vst2.x\aeffect.h">
      <Filter>VST</Filter>
    </ClInclude>
    <ClInclude Include="..\vstsdk\vstsdk2.4\pluginterfaces\vst2.x\aeffectx.h">
      <Filter>VST</Filter>
    </ClInclude>
    <ClInclude Include="..\vstsdk\vstsdk2.4\public.sdk\source\vst2.x\aeffeditor.h">
      <Filter>VST</Filter>
    </ClInclude>
    <ClInclude Include="..\vstsdk\vstsdk2.4\public.sdk\source\vst2.x\audioeffect.h">
      <Filter>VST</Filter>
    </ClInclude>
    <ClInclude Include="..\vstsdk\vstsdk2.4\public.sdk\source\vst2.x\audioeffectx.h">
      <Filter>VST</Filter>
    </ClInclude>
    <ClInclude Include="..\vstsdk\vstsdk2.4\pluginterfaces\vst2.x\vstfxstore.h">
      <Filter>VST</Filter>
    </ClInclude>
    <ClInclude Include="VstPluginBridge.h">
      <Filter>Source Files</Filter>
    </ClInclude>
    <ClInclude Include="VstPluginBridgeEditor.h">
      <Filter>Source Files</Filter>
    </ClInclude>
    <ClInclude Include="AssemblyInitializer.h">
      <Filter>Source Files</Filter>
    </ClInclude>
    <ClInclude Include="HostInfoClass.h">
      <Filter>Source Files</Filter>
    </ClInclude>
  </ItemGroup>
  <ItemGroup>
    <ClCompile Include="AudioDevice.cpp">
      <Filter>Source Files</Filter>
    </ClCompile>
    <ClCompile Include="..\vstsdk\vstsdk2.4\public.sdk\source\vst2.x\audioeffect.cpp">
      <Filter>VST</Filter>
    </ClCompile>
    <ClCompile Include="..\vstsdk\vstsdk2.4\public.sdk\source\vst2.x\audioeffectx.cpp">
      <Filter>VST</Filter>
    </ClCompile>
    <ClCompile Include="..\vstsdk\vstsdk2.4\public.sdk\source\vst2.x\vstplugmain.cpp">
      <Filter>VST</Filter>
    </ClCompile>
    <ClCompile Include="VstPluginBridge.cpp">
      <Filter>Source Files</Filter>
    </ClCompile>
    <ClCompile Include="VstPluginBridgeEditor.cpp">
      <Filter>Source Files</Filter>
    </ClCompile>
    <ClCompile Include="AssemblyInfo.cpp">
      <Filter>Source Files</Filter>
    </ClCompile>
    <ClCompile Include="HostInfoClass.cpp">
      <Filter>Source Files</Filter>
    </ClCompile>
    <ClCompile Include="AssemblyInitializer.cpp">
      <Filter>Source Files</Filter>
    </ClCompile>
  </ItemGroup>
</Project>