
Microsoft Visual Studio Solution File, Format Version 12.00
# Visual Studio 2012
Project("{FAE04EC0-301F-11D3-BF4B-00C04F79EFBC}") = "SharpSoundDevice", "SharpSoundDevice\SharpSoundDevice.csproj", "{D07E798C-76E3-49FB-B97C-CA4F8DD55624}"
EndProject
Project("{8BC9CEB8-8B4A-11D0-8D11-00A0C91BC942}") = "SharpSoundDevice.VST", "SharpSoundDevice.VST\SharpSoundDevice.VST.vcxproj", "{EF4F3188-FC77-46FC-83D6-7EB84B344398}"
EndProject
Project("{FAE04EC0-301F-11D3-BF4B-00C04F79EFBC}") = "BridgeGenerator", "BridgeGenerator\BridgeGenerator.csproj", "{74947E1B-A29C-4481-BF3B-5E337A50CECA}"
EndProject
Global
	GlobalSection(SolutionConfigurationPlatforms) = preSolution
		Debug|Win32 = Debug|Win32
		Release|Win32 = Release|Win32
	EndGlobalSection
	GlobalSection(ProjectConfigurationPlatforms) = postSolution
		{D07E798C-76E3-49FB-B97C-CA4F8DD55624}.Debug|Win32.ActiveCfg = Debug|Any CPU
		{D07E798C-76E3-49FB-B97C-CA4F8DD55624}.Debug|Win32.Build.0 = Debug|Any CPU
		{D07E798C-76E3-49FB-B97C-CA4F8DD55624}.Release|Win32.ActiveCfg = Release|Any CPU
		{D07E798C-76E3-49FB-B97C-CA4F8DD55624}.Release|Win32.Build.0 = Release|Any CPU
		{EF4F3188-FC77-46FC-83D6-7EB84B344398}.Debug|Win32.ActiveCfg = Debug|Win32
		{EF4F3188-FC77-46FC-83D6-7EB84B344398}.Debug|Win32.Build.0 = Debug|Win32
		{EF4F3188-FC77-46FC-83D6-7EB84B344398}.Release|Win32.ActiveCfg = Release|Win32
		{EF4F3188-FC77-46FC-83D6-7EB84B344398}.Release|Win32.Build.0 = Release|Win32
		{74947E1B-A29C-4481-BF3B-5E337A50CECA}.Debug|Win32.ActiveCfg = Debug|Any CPU
		{74947E1B-A29C-4481-BF3B-5E337A50CECA}.Debug|Win32.Build.0 = Debug|Any CPU
		{74947E1B-A29C-4481-BF3B-5E337A50CECA}.Release|Win32.ActiveCfg = Release|Any CPU
		{74947E1B-A29C-4481-BF3B-5E337A50CECA}.Release|Win32.Build.0 = Release|Any CPU
	EndGlobalSection
	GlobalSection(SolutionProperties) = preSolution
		HideSolutionNode = FALSE
	EndGlobalSection
EndGlobal
